{
  "name": "texter-project",
  "version": "0.0.1",
  "lockfileVersion": 3,
  "requires": true,
  "packages": {
    "": {
      "name": "texter-project",
      "version": "0.0.1",
      "hasInstallScript": true,
      "license": "ISC",
      "dependencies": {
        "hours-report": "^1.1.1"
      }
    },
    "node_modules/hours-report": {
      "version": "1.1.1",
      "resolved": "https://registry.npmjs.org/hours-report/-/hours-report-1.1.1.tgz",
      "integrity": "sha512-mlLFc8lrm6cuwfG9RzTcUOBVrlDsxRmzOc39b+lL8vx78D4v0Xu3RwonfYejNKS8LSglAfVJMBt3Q0EBA4P2Mw==",
      "bin": {
        "hours-report": "src/index.js"
      },
      "engines": {
        "node": ">=12.0.0"
      }
    }
  }
}
